// !$*UTF8*$!
{
	archiveVersion = 1;
	classes = {
	};
	objectVersion = 55;
	objects = {

/* Begin PBXBuildFile section */
		5F9431B1282AD03C0010B07E /* PokemonApp.swift in Sources */ = {isa = PBXBuildFile; fileRef = 5F9431B0282AD03C0010B07E /* PokemonApp.swift */; };
		5F9431B5282AD0440010B07E /* Assets.xcassets in Resources */ = {isa = PBXBuildFile; fileRef = 5F9431B4282AD0440010B07E /* Assets.xcassets */; };
		5F9431B8282AD0440010B07E /* Preview Assets.xcassets in Resources */ = {isa = PBXBuildFile; fileRef = 5F9431B7282AD0440010B07E /* Preview Assets.xcassets */; };
		5F9431BD282AD0440010B07E /* Pokemon.xcdatamodeld in Sources */ = {isa = PBXBuildFile; fileRef = 5F9431BB282AD0440010B07E /* Pokemon.xcdatamodeld */; };
		5F9431CB282AD1D10010B07E /* PokemonRepository.swift in Sources */ = {isa = PBXBuildFile; fileRef = 5F9431CA282AD1D10010B07E /* PokemonRepository.swift */; };
		5F9431CD282AD1FE0010B07E /* PokemonRepositoryImp.swift in Sources */ = {isa = PBXBuildFile; fileRef = 5F9431CC282AD1FE0010B07E /* PokemonRepositoryImp.swift */; };
		5F9431CF282AD2450010B07E /* Pokemon.swift in Sources */ = {isa = PBXBuildFile; fileRef = 5F9431CE282AD2450010B07E /* Pokemon.swift */; };
		5F9431D2282AD29E0010B07E /* URLSessionManager.swift in Sources */ = {isa = PBXBuildFile; fileRef = 5F9431D1282AD29E0010B07E /* URLSessionManager.swift */; };
		5F9431D5282AD2CA0010B07E /* CoreDataManager.swift in Sources */ = {isa = PBXBuildFile; fileRef = 5F9431D4282AD2CA0010B07E /* CoreDataManager.swift */; };
		5F9431D7282AD30B0010B07E /* RemoteAPI.swift in Sources */ = {isa = PBXBuildFile; fileRef = 5F9431D6282AD30B0010B07E /* RemoteAPI.swift */; };
		5F9431D9282AD3200010B07E /* RemoteAPIImp.swift in Sources */ = {isa = PBXBuildFile; fileRef = 5F9431D8282AD3200010B07E /* RemoteAPIImp.swift */; };
		5F9431DC282AD34E0010B07E /* DataStore.swift in Sources */ = {isa = PBXBuildFile; fileRef = 5F9431DB282AD34E0010B07E /* DataStore.swift */; };
		5F9431DE282AD3630010B07E /* DataStoreImp.swift in Sources */ = {isa = PBXBuildFile; fileRef = 5F9431DD282AD3630010B07E /* DataStoreImp.swift */; };
		5F9431E1282AD3A20010B07E /* HttpConstants.swift in Sources */ = {isa = PBXBuildFile; fileRef = 5F9431E0282AD3A20010B07E /* HttpConstants.swift */; };
		5F9431E7282ADADC0010B07E /* ScanForPokemonViewState.swift in Sources */ = {isa = PBXBuildFile; fileRef = 5F9431E6282ADADC0010B07E /* ScanForPokemonViewState.swift */; };
		5F9431E9282ADB0C0010B07E /* ScanForPokemonViewModel.swift in Sources */ = {isa = PBXBuildFile; fileRef = 5F9431E8282ADB0C0010B07E /* ScanForPokemonViewModel.swift */; };
		5F9431EB282ADB760010B07E /* ScanForPokemonView.swift in Sources */ = {isa = PBXBuildFile; fileRef = 5F9431EA282ADB760010B07E /* ScanForPokemonView.swift */; };
		5F9431EE282ADCB70010B07E /* PokemonEncounterView.swift in Sources */ = {isa = PBXBuildFile; fileRef = 5F9431ED282ADCB70010B07E /* PokemonEncounterView.swift */; };
		5F9431F3282B10A80010B07E /* CatchedPokemonType+CoreDataClass.swift in Sources */ = {isa = PBXBuildFile; fileRef = 5F9431EF282B10A70010B07E /* CatchedPokemonType+CoreDataClass.swift */; };
		5F9431F4282B10A80010B07E /* CatchedPokemonType+CoreDataProperties.swift in Sources */ = {isa = PBXBuildFile; fileRef = 5F9431F0282B10A70010B07E /* CatchedPokemonType+CoreDataProperties.swift */; };
		5F9431F5282B10A80010B07E /* CatchedPokemon+CoreDataClass.swift in Sources */ = {isa = PBXBuildFile; fileRef = 5F9431F1282B10A70010B07E /* CatchedPokemon+CoreDataClass.swift */; };
		5F9431F6282B10A80010B07E /* CatchedPokemon+CoreDataProperties.swift in Sources */ = {isa = PBXBuildFile; fileRef = 5F9431F2282B10A70010B07E /* CatchedPokemon+CoreDataProperties.swift */; };
		5F9431FC282B1BA90010B07E /* MyPokemonsViewState.swift in Sources */ = {isa = PBXBuildFile; fileRef = 5F9431FB282B1BA90010B07E /* MyPokemonsViewState.swift */; };
		5F9431FE282B1C300010B07E /* MyPokemonsViewModel.swift in Sources */ = {isa = PBXBuildFile; fileRef = 5F9431FD282B1C300010B07E /* MyPokemonsViewModel.swift */; };
		5F943200282B1D460010B07E /* MyPokemonsView.swift in Sources */ = {isa = PBXBuildFile; fileRef = 5F9431FF282B1D460010B07E /* MyPokemonsView.swift */; };
		5F943202282B2CEA0010B07E /* PokemonDetailsView.swift in Sources */ = {isa = PBXBuildFile; fileRef = 5F943201282B2CE80010B07E /* PokemonDetailsView.swift */; };
		5F943204282B38DD0010B07E /* Date+extension.swift in Sources */ = {isa = PBXBuildFile; fileRef = 5F943203282B38DC0010B07E /* Date+extension.swift */; };
/* End PBXBuildFile section */

/* Begin PBXFileReference section */
		5F9431AD282AD03C0010B07E /* Pokemon.app */ = {isa = PBXFileReference; explicitFileType = wrapper.application; includeInIndex = 0; path = Pokemon.app; sourceTree = BUILT_PRODUCTS_DIR; };
		5F9431B0282AD03C0010B07E /* PokemonApp.swift */ = {isa = PBXFileReference; lastKnownFileType = sourcecode.swift; path = PokemonApp.swift; sourceTree = "<group>"; };
		5F9431B4282AD0440010B07E /* Assets.xcassets */ = {isa = PBXFileReference; lastKnownFileType = folder.assetcatalog; path = Assets.xcassets; sourceTree = "<group>"; };
		5F9431B7282AD0440010B07E /* Preview Assets.xcassets */ = {isa = PBXFileReference; lastKnownFileType = folder.assetcatalog; path = "Preview Assets.xcassets"; sourceTree = "<group>"; };
		5F9431BC282AD0440010B07E /* Pokemon.xcdatamodel */ = {isa = PBXFileReference; lastKnownFileType = wrapper.xcdatamodel; path = Pokemon.xcdatamodel; sourceTree = "<group>"; };
		5F9431CA282AD1D10010B07E /* PokemonRepository.swift */ = {isa = PBXFileReference; lastKnownFileType = sourcecode.swift; path = PokemonRepository.swift; sourceTree = "<group>"; };
		5F9431CC282AD1FE0010B07E /* PokemonRepositoryImp.swift */ = {isa = PBXFileReference; lastKnownFileType = sourcecode.swift; path = PokemonRepositoryImp.swift; sourceTree = "<group>"; };
		5F9431CE282AD2450010B07E /* Pokemon.swift */ = {isa = PBXFileReference; lastKnownFileType = sourcecode.swift; path = Pokemon.swift; sourceTree = "<group>"; };
		5F9431D1282AD29E0010B07E /* URLSessionManager.swift */ = {isa = PBXFileReference; lastKnownFileType = sourcecode.swift; path = URLSessionManager.swift; sourceTree = "<group>"; };
		5F9431D4282AD2CA0010B07E /* CoreDataManager.swift */ = {isa = PBXFileReference; lastKnownFileType = sourcecode.swift; path = CoreDataManager.swift; sourceTree = "<group>"; };
		5F9431D6282AD30B0010B07E /* RemoteAPI.swift */ = {isa = PBXFileReference; lastKnownFileType = sourcecode.swift; path = RemoteAPI.swift; sourceTree = "<group>"; };
		5F9431D8282AD3200010B07E /* RemoteAPIImp.swift */ = {isa = PBXFileReference; lastKnownFileType = sourcecode.swift; path = RemoteAPIImp.swift; sourceTree = "<group>"; };
		5F9431DB282AD34E0010B07E /* DataStore.swift */ = {isa = PBXFileReference; lastKnownFileType = sourcecode.swift; path = DataStore.swift; sourceTree = "<group>"; };
		5F9431DD282AD3630010B07E /* DataStoreImp.swift */ = {isa = PBXFileReference; lastKnownFileType = sourcecode.swift; path = DataStoreImp.swift; sourceTree = "<group>"; };
		5F9431E0282AD3A20010B07E /* HttpConstants.swift */ = {isa = PBXFileReference; lastKnownFileType = sourcecode.swift; path = HttpConstants.swift; sourceTree = "<group>"; };
		5F9431E6282ADADC0010B07E /* ScanForPokemonViewState.swift */ = {isa = PBXFileReference; lastKnownFileType = sourcecode.swift; path = ScanForPokemonViewState.swift; sourceTree = "<group>"; };
		5F9431E8282ADB0C0010B07E /* ScanForPokemonViewModel.swift */ = {isa = PBXFileReference; lastKnownFileType = sourcecode.swift; path = ScanForPokemonViewModel.swift; sourceTree = "<group>"; };
		5F9431EA282ADB760010B07E /* ScanForPokemonView.swift */ = {isa = PBXFileReference; lastKnownFileType = sourcecode.swift; path = ScanForPokemonView.swift; sourceTree = "<group>"; };
		5F9431ED282ADCB70010B07E /* PokemonEncounterView.swift */ = {isa = PBXFileReference; lastKnownFileType = sourcecode.swift; path = PokemonEncounterView.swift; sourceTree = "<group>"; };
		5F9431EF282B10A70010B07E /* CatchedPokemonType+CoreDataClass.swift */ = {isa = PBXFileReference; lastKnownFileType = sourcecode.swift; path = "CatchedPokemonType+CoreDataClass.swift"; sourceTree = "<group>"; };
		5F9431F0282B10A70010B07E /* CatchedPokemonType+CoreDataProperties.swift */ = {isa = PBXFileReference; lastKnownFileType = sourcecode.swift; path = "CatchedPokemonType+CoreDataProperties.swift"; sourceTree = "<group>"; };
		5F9431F1282B10A70010B07E /* CatchedPokemon+CoreDataClass.swift */ = {isa = PBXFileReference; lastKnownFileType = sourcecode.swift; path = "CatchedPokemon+CoreDataClass.swift"; sourceTree = "<group>"; };
		5F9431F2282B10A70010B07E /* CatchedPokemon+CoreDataProperties.swift */ = {isa = PBXFileReference; lastKnownFileType = sourcecode.swift; path = "CatchedPokemon+CoreDataProperties.swift"; sourceTree = "<group>"; };
		5F9431FB282B1BA90010B07E /* MyPokemonsViewState.swift */ = {isa = PBXFileReference; lastKnownFileType = sourcecode.swift; path = MyPokemonsViewState.swift; sourceTree = "<group>"; };
		5F9431FD282B1C300010B07E /* MyPokemonsViewModel.swift */ = {isa = PBXFileReference; lastKnownFileType = sourcecode.swift; path = MyPokemonsViewModel.swift; sourceTree = "<group>"; };
		5F9431FF282B1D460010B07E /* MyPokemonsView.swift */ = {isa = PBXFileReference; lastKnownFileType = sourcecode.swift; path = MyPokemonsView.swift; sourceTree = "<group>"; };
		5F943201282B2CE80010B07E /* PokemonDetailsView.swift */ = {isa = PBXFileReference; lastKnownFileType = sourcecode.swift; path = PokemonDetailsView.swift; sourceTree = "<group>"; };
		5F943203282B38DC0010B07E /* Date+extension.swift */ = {isa = PBXFileReference; lastKnownFileType = sourcecode.swift; path = "Date+extension.swift"; sourceTree = "<group>"; };
/* End PBXFileReference section */

/* Begin PBXFrameworksBuildPhase section */
		5F9431AA282AD03C0010B07E /* Frameworks */ = {
			isa = PBXFrameworksBuildPhase;
			buildActionMask = 2147483647;
			files = (
			);
			runOnlyForDeploymentPostprocessing = 0;
		};
/* End PBXFrameworksBuildPhase section */

/* Begin PBXGroup section */
		5F9431A4282AD03B0010B07E = {
			isa = PBXGroup;
			children = (
				5F9431AF282AD03C0010B07E /* Pokemon */,
				5F9431AE282AD03C0010B07E /* Products */,
			);
			sourceTree = "<group>";
		};
		5F9431AE282AD03C0010B07E /* Products */ = {
			isa = PBXGroup;
			children = (
				5F9431AD282AD03C0010B07E /* Pokemon.app */,
			);
			name = Products;
			sourceTree = "<group>";
		};
		5F9431AF282AD03C0010B07E /* Pokemon */ = {
			isa = PBXGroup;
			children = (
				5F9431B0282AD03C0010B07E /* PokemonApp.swift */,
				5F9431C3282AD0D30010B07E /* Resources */,
				5F9431C4282AD0FE0010B07E /* Data */,
				5F9431DF282AD3920010B07E /* Global */,
				5F9431E2282AD3CC0010B07E /* UI */,
				5F9431B6282AD0440010B07E /* Preview Content */,
			);
			path = Pokemon;
			sourceTree = "<group>";
		};
		5F9431B6282AD0440010B07E /* Preview Content */ = {
			isa = PBXGroup;
			children = (
				5F9431B7282AD0440010B07E /* Preview Assets.xcassets */,
			);
			path = "Preview Content";
			sourceTree = "<group>";
		};
		5F9431C3282AD0D30010B07E /* Resources */ = {
			isa = PBXGroup;
			children = (
				5F9431B4282AD0440010B07E /* Assets.xcassets */,
				5F9431BB282AD0440010B07E /* Pokemon.xcdatamodeld */,
			);
			path = Resources;
			sourceTree = "<group>";
		};
		5F9431C4282AD0FE0010B07E /* Data */ = {
			isa = PBXGroup;
			children = (
				5F9431C5282AD1150010B07E /* Repositories */,
				5F9431C6282AD1400010B07E /* Models */,
				5F9431C8282AD1590010B07E /* Managers */,
				5F9431C9282AD1A30010B07E /* Remote */,
				5F9431DA282AD3350010B07E /* Persistence */,
			);
			path = Data;
			sourceTree = "<group>";
		};
		5F9431C5282AD1150010B07E /* Repositories */ = {
			isa = PBXGroup;
			children = (
				5F9431CA282AD1D10010B07E /* PokemonRepository.swift */,
				5F9431CC282AD1FE0010B07E /* PokemonRepositoryImp.swift */,
			);
			path = Repositories;
			sourceTree = "<group>";
		};
		5F9431C6282AD1400010B07E /* Models */ = {
			isa = PBXGroup;
			children = (
				5F9431CE282AD2450010B07E /* Pokemon.swift */,
				5F9431F7282B10B10010B07E /* CoreData models */,
			);
			path = Models;
			sourceTree = "<group>";
		};
		5F9431C8282AD1590010B07E /* Managers */ = {
			isa = PBXGroup;
			children = (
				5F9431D3282AD2AA0010B07E /* CoreData Manager */,
				5F9431D0282AD2840010B07E /* URLSession Manager */,
			);
			path = Managers;
			sourceTree = "<group>";
		};
		5F9431C9282AD1A30010B07E /* Remote */ = {
			isa = PBXGroup;
			children = (
				5F9431D6282AD30B0010B07E /* RemoteAPI.swift */,
				5F9431D8282AD3200010B07E /* RemoteAPIImp.swift */,
			);
			path = Remote;
			sourceTree = "<group>";
		};
		5F9431D0282AD2840010B07E /* URLSession Manager */ = {
			isa = PBXGroup;
			children = (
				5F9431D1282AD29E0010B07E /* URLSessionManager.swift */,
			);
			path = "URLSession Manager";
			sourceTree = "<group>";
		};
		5F9431D3282AD2AA0010B07E /* CoreData Manager */ = {
			isa = PBXGroup;
			children = (
				5F9431D4282AD2CA0010B07E /* CoreDataManager.swift */,
			);
			path = "CoreData Manager";
			sourceTree = "<group>";
		};
		5F9431DA282AD3350010B07E /* Persistence */ = {
			isa = PBXGroup;
			children = (
				5F9431DB282AD34E0010B07E /* DataStore.swift */,
				5F9431DD282AD3630010B07E /* DataStoreImp.swift */,
			);
			path = Persistence;
			sourceTree = "<group>";
		};
		5F9431DF282AD3920010B07E /* Global */ = {
			isa = PBXGroup;
			children = (
				5F9431E0282AD3A20010B07E /* HttpConstants.swift */,
				5F943203282B38DC0010B07E /* Date+extension.swift */,
			);
			path = Global;
			sourceTree = "<group>";
		};
		5F9431E2282AD3CC0010B07E /* UI */ = {
			isa = PBXGroup;
			children = (
				5F9431E3282AD3DB0010B07E /* Scan For Pokemon */,
				5F9431E4282AD3EC0010B07E /* My Pokemons */,
				5F9431E5282AD3FB0010B07E /* Pokemon Details */,
			);
			path = UI;
			sourceTree = "<group>";
		};
		5F9431E3282AD3DB0010B07E /* Scan For Pokemon */ = {
			isa = PBXGroup;
			children = (
				5F9431E6282ADADC0010B07E /* ScanForPokemonViewState.swift */,
				5F9431E8282ADB0C0010B07E /* ScanForPokemonViewModel.swift */,
				5F9431EA282ADB760010B07E /* ScanForPokemonView.swift */,
				5F9431EC282ADC970010B07E /* Pokemon encounter */,
			);
			path = "Scan For Pokemon";
			sourceTree = "<group>";
		};
		5F9431E4282AD3EC0010B07E /* My Pokemons */ = {
			isa = PBXGroup;
			children = (
				5F9431FB282B1BA90010B07E /* MyPokemonsViewState.swift */,
				5F9431FD282B1C300010B07E /* MyPokemonsViewModel.swift */,
				5F9431FF282B1D460010B07E /* MyPokemonsView.swift */,
			);
			path = "My Pokemons";
			sourceTree = "<group>";
		};
		5F9431E5282AD3FB0010B07E /* Pokemon Details */ = {
			isa = PBXGroup;
			children = (
				5F943201282B2CE80010B07E /* PokemonDetailsView.swift */,
			);
			path = "Pokemon Details";
			sourceTree = "<group>";
		};
		5F9431EC282ADC970010B07E /* Pokemon encounter */ = {
			isa = PBXGroup;
			children = (
				5F9431ED282ADCB70010B07E /* PokemonEncounterView.swift */,
			);
			path = "Pokemon encounter";
			sourceTree = "<group>";
		};
		5F9431F7282B10B10010B07E /* CoreData models */ = {
			isa = PBXGroup;
			children = (
				5F9431F8282B10BD0010B07E /* CatchedPokemon */,
				5F9431F9282B10CC0010B07E /* CatchedPokemonType */,
			);
			path = "CoreData models";
			sourceTree = "<group>";
		};
		5F9431F8282B10BD0010B07E /* CatchedPokemon */ = {
			isa = PBXGroup;
			children = (
				5F9431F1282B10A70010B07E /* CatchedPokemon+CoreDataClass.swift */,
				5F9431F2282B10A70010B07E /* CatchedPokemon+CoreDataProperties.swift */,
			);
			path = CatchedPokemon;
			sourceTree = "<group>";
		};
		5F9431F9282B10CC0010B07E /* CatchedPokemonType */ = {
			isa = PBXGroup;
			children = (
				5F9431EF282B10A70010B07E /* CatchedPokemonType+CoreDataClass.swift */,
				5F9431F0282B10A70010B07E /* CatchedPokemonType+CoreDataProperties.swift */,
			);
			path = CatchedPokemonType;
			sourceTree = "<group>";
		};
/* End PBXGroup section */

/* Begin PBXNativeTarget section */
		5F9431AC282AD03C0010B07E /* Pokemon */ = {
			isa = PBXNativeTarget;
			buildConfigurationList = 5F9431C0282AD0440010B07E /* Build configuration list for PBXNativeTarget "Pokemon" */;
			buildPhases = (
				5F9431A9282AD03C0010B07E /* Sources */,
				5F9431AA282AD03C0010B07E /* Frameworks */,
				5F9431AB282AD03C0010B07E /* Resources */,
			);
			buildRules = (
			);
			dependencies = (
			);
			name = Pokemon;
			productName = Pokemon;
			productReference = 5F9431AD282AD03C0010B07E /* Pokemon.app */;
			productType = "com.apple.product-type.application";
		};
/* End PBXNativeTarget section */

/* Begin PBXProject section */
		5F9431A5282AD03B0010B07E /* Project object */ = {
			isa = PBXProject;
			attributes = {
				BuildIndependentTargetsInParallel = 1;
				LastSwiftUpdateCheck = 1300;
				LastUpgradeCheck = 1300;
				TargetAttributes = {
					5F9431AC282AD03C0010B07E = {
						CreatedOnToolsVersion = 13.0;
					};
				};
			};
			buildConfigurationList = 5F9431A8282AD03B0010B07E /* Build configuration list for PBXProject "Pokemon" */;
			compatibilityVersion = "Xcode 13.0";
			developmentRegion = en;
			hasScannedForEncodings = 0;
			knownRegions = (
				en,
				Base,
			);
			mainGroup = 5F9431A4282AD03B0010B07E;
			productRefGroup = 5F9431AE282AD03C0010B07E /* Products */;
			projectDirPath = "";
			projectRoot = "";
			targets = (
				5F9431AC282AD03C0010B07E /* Pokemon */,
			);
		};
/* End PBXProject section */

/* Begin PBXResourcesBuildPhase section */
		5F9431AB282AD03C0010B07E /* Resources */ = {
			isa = PBXResourcesBuildPhase;
			buildActionMask = 2147483647;
			files = (
				5F9431B8282AD0440010B07E /* Preview Assets.xcassets in Resources */,
				5F9431B5282AD0440010B07E /* Assets.xcassets in Resources */,
			);
			runOnlyForDeploymentPostprocessing = 0;
		};
/* End PBXResourcesBuildPhase section */

/* Begin PBXSourcesBuildPhase section */
		5F9431A9282AD03C0010B07E /* Sources */ = {
			isa = PBXSourcesBuildPhase;
			buildActionMask = 2147483647;
			files = (
				5F9431FE282B1C300010B07E /* MyPokemonsViewModel.swift in Sources */,
				5F9431CF282AD2450010B07E /* Pokemon.swift in Sources */,
				5F9431DC282AD34E0010B07E /* DataStore.swift in Sources */,
				5F9431DE282AD3630010B07E /* DataStoreImp.swift in Sources */,
				5F9431F6282B10A80010B07E /* CatchedPokemon+CoreDataProperties.swift in Sources */,
				5F9431D9282AD3200010B07E /* RemoteAPIImp.swift in Sources */,
				5F9431CB282AD1D10010B07E /* PokemonRepository.swift in Sources */,
				5F9431BD282AD0440010B07E /* Pokemon.xcdatamodeld in Sources */,
				5F9431EB282ADB760010B07E /* ScanForPokemonView.swift in Sources */,
				5F9431EE282ADCB70010B07E /* PokemonEncounterView.swift in Sources */,
				5F9431D7282AD30B0010B07E /* RemoteAPI.swift in Sources */,
				5F9431F3282B10A80010B07E /* CatchedPokemonType+CoreDataClass.swift in Sources */,
				5F9431E7282ADADC0010B07E /* ScanForPokemonViewState.swift in Sources */,
				5F943202282B2CEA0010B07E /* PokemonDetailsView.swift in Sources */,
				5F9431F4282B10A80010B07E /* CatchedPokemonType+CoreDataProperties.swift in Sources */,
				5F9431E9282ADB0C0010B07E /* ScanForPokemonViewModel.swift in Sources */,
				5F9431D2282AD29E0010B07E /* URLSessionManager.swift in Sources */,
				5F9431D5282AD2CA0010B07E /* CoreDataManager.swift in Sources */,
				5F9431F5282B10A80010B07E /* CatchedPokemon+CoreDataClass.swift in Sources */,
				5F9431E1282AD3A20010B07E /* HttpConstants.swift in Sources */,
				5F9431FC282B1BA90010B07E /* MyPokemonsViewState.swift in Sources */,
				5F943200282B1D460010B07E /* MyPokemonsView.swift in Sources */,
				5F9431CD282AD1FE0010B07E /* PokemonRepositoryImp.swift in Sources */,
				5F943204282B38DD0010B07E /* Date+extension.swift in Sources */,
				5F9431B1282AD03C0010B07E /* PokemonApp.swift in Sources */,
			);
			runOnlyForDeploymentPostprocessing = 0;
		};
/* End PBXSourcesBuildPhase section */

/* Begin XCBuildConfiguration section */
		5F9431BE282AD0440010B07E /* Debug */ = {
			isa = XCBuildConfiguration;
			buildSettings = {
				ALWAYS_SEARCH_USER_PATHS = NO;
				CLANG_ANALYZER_NONNULL = YES;
				CLANG_ANALYZER_NUMBER_OBJECT_CONVERSION = YES_AGGRESSIVE;
				CLANG_CXX_LANGUAGE_STANDARD = "gnu++17";
				CLANG_CXX_LIBRARY = "libc++";
				CLANG_ENABLE_MODULES = YES;
				CLANG_ENABLE_OBJC_ARC = YES;
				CLANG_ENABLE_OBJC_WEAK = YES;
				CLANG_WARN_BLOCK_CAPTURE_AUTORELEASING = YES;
				CLANG_WARN_BOOL_CONVERSION = YES;
				CLANG_WARN_COMMA = YES;
				CLANG_WARN_CONSTANT_CONVERSION = YES;
				CLANG_WARN_DEPRECATED_OBJC_IMPLEMENTATIONS = YES;
				CLANG_WARN_DIRECT_OBJC_ISA_USAGE = YES_ERROR;
				CLANG_WARN_DOCUMENTATION_COMMENTS = YES;
				CLANG_WARN_EMPTY_BODY = YES;
				CLANG_WARN_ENUM_CONVERSION = YES;
				CLANG_WARN_INFINITE_RECURSION = YES;
				CLANG_WARN_INT_CONVERSION = YES;
				CLANG_WARN_NON_LITERAL_NULL_CONVERSION = YES;
				CLANG_WARN_OBJC_IMPLICIT_RETAIN_SELF = YES;
				CLANG_WARN_OBJC_LITERAL_CONVERSION = YES;
				CLANG_WARN_OBJC_ROOT_CLASS = YES_ERROR;
				CLANG_WARN_QUOTED_INCLUDE_IN_FRAMEWORK_HEADER = YES;
				CLANG_WARN_RANGE_LOOP_ANALYSIS = YES;
				CLANG_WARN_STRICT_PROTOTYPES = YES;
				CLANG_WARN_SUSPICIOUS_MOVE = YES;
				CLANG_WARN_UNGUARDED_AVAILABILITY = YES_AGGRESSIVE;
				CLANG_WARN_UNREACHABLE_CODE = YES;
				CLANG_WARN__DUPLICATE_METHOD_MATCH = YES;
				COPY_PHASE_STRIP = NO;
				DEBUG_INFORMATION_FORMAT = dwarf;
				ENABLE_STRICT_OBJC_MSGSEND = YES;
				ENABLE_TESTABILITY = YES;
				GCC_C_LANGUAGE_STANDARD = gnu11;
				GCC_DYNAMIC_NO_PIC = NO;
				GCC_NO_COMMON_BLOCKS = YES;
				GCC_OPTIMIZATION_LEVEL = 0;
				GCC_PREPROCESSOR_DEFINITIONS = (
					"DEBUG=1",
					"$(inherited)",
				);
				GCC_WARN_64_TO_32_BIT_CONVERSION = YES;
				GCC_WARN_ABOUT_RETURN_TYPE = YES_ERROR;
				GCC_WARN_UNDECLARED_SELECTOR = YES;
				GCC_WARN_UNINITIALIZED_AUTOS = YES_AGGRESSIVE;
				GCC_WARN_UNUSED_FUNCTION = YES;
				GCC_WARN_UNUSED_VARIABLE = YES;
				IPHONEOS_DEPLOYMENT_TARGET = 15.0;
				MTL_ENABLE_DEBUG_INFO = INCLUDE_SOURCE;
				MTL_FAST_MATH = YES;
				ONLY_ACTIVE_ARCH = YES;
				SDKROOT = iphoneos;
				SWIFT_ACTIVE_COMPILATION_CONDITIONS = DEBUG;
				SWIFT_OPTIMIZATION_LEVEL = "-Onone";
			};
			name = Debug;
		};
		5F9431BF282AD0440010B07E /* Release */ = {
			isa = XCBuildConfiguration;
			buildSettings = {
				ALWAYS_SEARCH_USER_PATHS = NO;
				CLANG_ANALYZER_NONNULL = YES;
				CLANG_ANALYZER_NUMBER_OBJECT_CONVERSION = YES_AGGRESSIVE;
				CLANG_CXX_LANGUAGE_STANDARD = "gnu++17";
				CLANG_CXX_LIBRARY = "libc++";
				CLANG_ENABLE_MODULES = YES;
				CLANG_ENABLE_OBJC_ARC = YES;
				CLANG_ENABLE_OBJC_WEAK = YES;
				CLANG_WARN_BLOCK_CAPTURE_AUTORELEASING = YES;
				CLANG_WARN_BOOL_CONVERSION = YES;
				CLANG_WARN_COMMA = YES;
				CLANG_WARN_CONSTANT_CONVERSION = YES;
				CLANG_WARN_DEPRECATED_OBJC_IMPLEMENTATIONS = YES;
				CLANG_WARN_DIRECT_OBJC_ISA_USAGE = YES_ERROR;
				CLANG_WARN_DOCUMENTATION_COMMENTS = YES;
				CLANG_WARN_EMPTY_BODY = YES;
				CLANG_WARN_ENUM_CONVERSION = YES;
				CLANG_WARN_INFINITE_RECURSION = YES;
				CLANG_WARN_INT_CONVERSION = YES;
				CLANG_WARN_NON_LITERAL_NULL_CONVERSION = YES;
				CLANG_WARN_OBJC_IMPLICIT_RETAIN_SELF = YES;
				CLANG_WARN_OBJC_LITERAL_CONVERSION = YES;
				CLANG_WARN_OBJC_ROOT_CLASS = YES_ERROR;
				CLANG_WARN_QUOTED_INCLUDE_IN_FRAMEWORK_HEADER = YES;
				CLANG_WARN_RANGE_LOOP_ANALYSIS = YES;
				CLANG_WARN_STRICT_PROTOTYPES = YES;
				CLANG_WARN_SUSPICIOUS_MOVE = YES;
				CLANG_WARN_UNGUARDED_AVAILABILITY = YES_AGGRESSIVE;
				CLANG_WARN_UNREACHABLE_CODE = YES;
				CLANG_WARN__DUPLICATE_METHOD_MATCH = YES;
				COPY_PHASE_STRIP = NO;
				DEBUG_INFORMATION_FORMAT = "dwarf-with-dsym";
				ENABLE_NS_ASSERTIONS = NO;
				ENABLE_STRICT_OBJC_MSGSEND = YES;
				GCC_C_LANGUAGE_STANDARD = gnu11;
				GCC_NO_COMMON_BLOCKS = YES;
				GCC_WARN_64_TO_32_BIT_CONVERSION = YES;
				GCC_WARN_ABOUT_RETURN_TYPE = YES_ERROR;
				GCC_WARN_UNDECLARED_SELECTOR = YES;
				GCC_WARN_UNINITIALIZED_AUTOS = YES_AGGRESSIVE;
				GCC_WARN_UNUSED_FUNCTION = YES;
				GCC_WARN_UNUSED_VARIABLE = YES;
				IPHONEOS_DEPLOYMENT_TARGET = 15.0;
				MTL_ENABLE_DEBUG_INFO = NO;
				MTL_FAST_MATH = YES;
				SDKROOT = iphoneos;
				SWIFT_COMPILATION_MODE = wholemodule;
				SWIFT_OPTIMIZATION_LEVEL = "-O";
				VALIDATE_PRODUCT = YES;
			};
			name = Release;
		};
		5F9431C1282AD0440010B07E /* Debug */ = {
			isa = XCBuildConfiguration;
			buildSettings = {
				ASSETCATALOG_COMPILER_APPICON_NAME = AppIcon;
				ASSETCATALOG_COMPILER_GLOBAL_ACCENT_COLOR_NAME = AccentColor;
				CODE_SIGN_STYLE = Automatic;
				CURRENT_PROJECT_VERSION = 1;
				DEVELOPMENT_ASSET_PATHS = "\"Pokemon/Preview Content\"";
				ENABLE_PREVIEWS = YES;
				GENERATE_INFOPLIST_FILE = YES;
				INFOPLIST_KEY_UIApplicationSceneManifest_Generation = YES;
				INFOPLIST_KEY_UIApplicationSupportsIndirectInputEvents = YES;
				INFOPLIST_KEY_UILaunchScreen_Generation = YES;
				INFOPLIST_KEY_UISupportedInterfaceOrientations = UIInterfaceOrientationPortrait;
				IPHONEOS_DEPLOYMENT_TARGET = 15.0;
				LD_RUNPATH_SEARCH_PATHS = (
					"$(inherited)",
					"@executable_path/Frameworks",
				);
				MARKETING_VERSION = 1.0;
				PRODUCT_BUNDLE_IDENTIFIER = filali.salah.Pokemon;
				PRODUCT_NAME = "$(TARGET_NAME)";
				SWIFT_EMIT_LOC_STRINGS = YES;
				SWIFT_VERSION = 5.0;
				TARGETED_DEVICE_FAMILY = "1,2";
			};
			name = Debug;
		};
		5F9431C2282AD0440010B07E /* Release */ = {
			isa = XCBuildConfiguration;
			buildSettings = {
				ASSETCATALOG_COMPILER_APPICON_NAME = AppIcon;
				ASSETCATALOG_COMPILER_GLOBAL_ACCENT_COLOR_NAME = AccentColor;
				CODE_SIGN_STYLE = Automatic;
				CURRENT_PROJECT_VERSION = 1;
				DEVELOPMENT_ASSET_PATHS = "\"Pokemon/Preview Content\"";
				ENABLE_PREVIEWS = YES;
				GENERATE_INFOPLIST_FILE = YES;
				INFOPLIST_KEY_UIApplicationSceneManifest_Generation = YES;
				INFOPLIST_KEY_UIApplicationSupportsIndirectInputEvents = YES;
				INFOPLIST_KEY_UILaunchScreen_Generation = YES;
				INFOPLIST_KEY_UISupportedInterfaceOrientations = UIInterfaceOrientationPortrait;
				IPHONEOS_DEPLOYMENT_TARGET = 15.0;
				LD_RUNPATH_SEARCH_PATHS = (
					"$(inherited)",
					"@executable_path/Frameworks",
				);
				MARKETING_VERSION = 1.0;
				PRODUCT_BUNDLE_IDENTIFIER = filali.salah.Pokemon;
				PRODUCT_NAME = "$(TARGET_NAME)";
				SWIFT_EMIT_LOC_STRINGS = YES;
				SWIFT_VERSION = 5.0;
				TARGETED_DEVICE_FAMILY = "1,2";
			};
			name = Release;
		};
/* End XCBuildConfiguration section */

/* Begin XCConfigurationList section */
		5F9431A8282AD03B0010B07E /* Build configuration list for PBXProject "Pokemon" */ = {
			isa = XCConfigurationList;
			buildConfigurations = (
				5F9431BE282AD0440010B07E /* Debug */,
				5F9431BF282AD0440010B07E /* Release */,
			);
			defaultConfigurationIsVisible = 0;
			defaultConfigurationName = Release;
		};
		5F9431C0282AD0440010B07E /* Build configuration list for PBXNativeTarget "Pokemon" */ = {
			isa = XCConfigurationList;
			buildConfigurations = (
				5F9431C1282AD0440010B07E /* Debug */,
				5F9431C2282AD0440010B07E /* Release */,
			);
			defaultConfigurationIsVisible = 0;
			defaultConfigurationName = Release;
		};
/* End XCConfigurationList section */

/* Begin XCVersionGroup section */
		5F9431BB282AD0440010B07E /* Pokemon.xcdatamodeld */ = {
			isa = XCVersionGroup;
			children = (
				5F9431BC282AD0440010B07E /* Pokemon.xcdatamodel */,
			);
			currentVersion = 5F9431BC282AD0440010B07E /* Pokemon.xcdatamodel */;
			path = Pokemon.xcdatamodeld;
			sourceTree = "<group>";
			versionGroupType = wrapper.xcdatamodel;
		};
/* End XCVersionGroup section */
	};
	rootObject = 5F9431A5282AD03B0010B07E /* Project object */;
}
